
Microsoft Visual Studio Solution File, Format Version 10.00
# Visual Studio 2008
Project("{FAE04EC0-301F-11D3-BF4B-00C04F79EFBC}") = "CurveFitting", "Example1-CurveFitting\CurveFitting.csproj", "{877C4CA4-11DC-4DF0-B95C-4E835664A473}"
EndProject
Project("{FAE04EC0-301F-11D3-BF4B-00C04F79EFBC}") = "ControlCharts", "Example2-ControlCharts\ControlCharts.csproj", "{CE0A5D26-D5EA-493D-A9FB-1A88F56DB1FB}"
EndProject
Global
	GlobalSection(SolutionConfigurationPlatforms) = preSolution
		Debug|Any CPU = Debug|Any CPU
		Release|Any CPU = Release|Any CPU
	EndGlobalSection
	GlobalSection(ProjectConfigurationPlatforms) = postSolution
		{877C4CA4-11DC-4DF0-B95C-4E835664A473}.Debug|Any CPU.ActiveCfg = Debug|Any CPU
		{877C4CA4-11DC-4DF0-B95C-4E835664A473}.Debug|Any CPU.Build.0 = Debug|Any CPU
		{877C4CA4-11DC-4DF0-B95C-4E835664A473}.Release|Any CPU.ActiveCfg = Release|Any CPU
		{877C4CA4-11DC-4DF0-B95C-4E835664A473}.Release|Any CPU.Build.0 = Release|Any CPU
		{CE0A5D26-D5EA-493D-A9FB-1A88F56DB1FB}.Debug|Any CPU.ActiveCfg = Debug|Any CPU
		{CE0A5D26-D5EA-493D-A9FB-1A88F56DB1FB}.Debug|Any CPU.Build.0 = Debug|Any CPU
		{CE0A5D26-D5EA-493D-A9FB-1A88F56DB1FB}.Release|Any CPU.ActiveCfg = Release|Any CPU
		{CE0A5D26-D5EA-493D-A9FB-1A88F56DB1FB}.Release|Any CPU.Build.0 = Release|Any CPU
	EndGlobalSection
	GlobalSection(SolutionProperties) = preSolution
		HideSolutionNode = FALSE
	EndGlobalSection
EndGlobal
